
Microsoft Visual Studio Solution File, Format Version 12.00
# Visual Studio Version 17
VisualStudioVersion = 17.7.34221.43
MinimumVisualStudioVersion = 10.0.40219.1
Project("{FAE04EC0-301F-11D3-BF4B-00C04F79EFBC}") = "TestSolution", "TestSolution.csproj", "{BE4CFFFF-ABAF-4F29-9647-C79BBE886F13}"
EndProject
Project("{FAE04EC0-301F-11D3-BF4B-00C04F79EFBC}") = "AppTests", "..\AppTests\AppTests.csproj", "{00B5539E-A94F-4441-94E6-E05B4BA676A3}"
EndProject
Global
	GlobalSection(SolutionConfigurationPlatforms) = preSolution
		Debug|Any CPU = Debug|Any CPU
		Release|Any CPU = Release|Any CPU
	EndGlobalSection
	GlobalSection(ProjectConfigurationPlatforms) = postSolution
		{BE4CFFFF-ABAF-4F29-9647-C79BBE886F13}.Debug|Any CPU.ActiveCfg = Debug|Any CPU
		{BE4CFFFF-ABAF-4F29-9647-C79BBE886F13}.Debug|Any CPU.Build.0 = Debug|Any CPU
		{BE4CFFFF-ABAF-4F29-9647-C79BBE886F13}.Release|Any CPU.ActiveCfg = Release|Any CPU
		{BE4CFFFF-ABAF-4F29-9647-C79BBE886F13}.Release|Any CPU.Build.0 = Release|Any CPU
		{00B5539E-A94F-4441-94E6-E05B4BA676A3}.Debug|Any CPU.ActiveCfg = Debug|Any CPU
		{00B5539E-A94F-4441-94E6-E05B4BA676A3}.Debug|Any CPU.Build.0 = Debug|Any CPU
		{00B5539E-A94F-4441-94E6-E05B4BA676A3}.Release|Any CPU.ActiveCfg = Release|Any CPU
		{00B5539E-A94F-4441-94E6-E05B4BA676A3}.Release|Any CPU.Build.0 = Release|Any CPU
	EndGlobalSection
	GlobalSection(SolutionProperties) = preSolution
		HideSolutionNode = FALSE
	EndGlobalSection
	GlobalSection(ExtensibilityGlobals) = postSolution
		SolutionGuid = {858C43BA-B19C-471A-928F-821556F95E06}
	EndGlobalSection
EndGlobal
